
Microsoft Visual Studio Solution File, Format Version 12.00
# Visual Studio Version 17
VisualStudioVersion = 17.6.33829.357
MinimumVisualStudioVersion = 10.0.40219.1
Project("{9A19103F-16F7-4668-BE54-9A1E7A4F7556}") = "SipayApiProject", "SipayApiProject\SipayApiProject.csproj", "{184DB845-C17A-4F35-A2F5-94DD067A4F17}"
EndProject
Project("{9A19103F-16F7-4668-BE54-9A1E7A4F7556}") = "SipayApi.Base", "SipayApi.Base\SipayApi.Base.csproj", "{03D6184A-9A54-438D-9D91-AA8FF8E460A7}"
EndProject
Project("{9A19103F-16F7-4668-BE54-9A1E7A4F7556}") = "SipayApi.Data", "SipayApi.Data\SipayApi.Data.csproj", "{FEE4A47C-C3FA-40F9-80C8-D21B5896A0F8}"
EndProject
Global
	GlobalSection(SolutionConfigurationPlatforms) = preSolution
		Debug|Any CPU = Debug|Any CPU
		Release|Any CPU = Release|Any CPU
	EndGlobalSection
	GlobalSection(ProjectConfigurationPlatforms) = postSolution
		{184DB845-C17A-4F35-A2F5-94DD067A4F17}.Debug|Any CPU.ActiveCfg = Debug|Any CPU
		{184DB845-C17A-4F35-A2F5-94DD067A4F17}.Debug|Any CPU.Build.0 = Debug|Any CPU
		{184DB845-C17A-4F35-A2F5-94DD067A4F17}.Release|Any CPU.ActiveCfg = Release|Any CPU
		{184DB845-C17A-4F35-A2F5-94DD067A4F17}.Release|Any CPU.Build.0 = Release|Any CPU
		{03D6184A-9A54-438D-9D91-AA8FF8E460A7}.Debug|Any CPU.ActiveCfg = Debug|Any CPU
		{03D6184A-9A54-438D-9D91-AA8FF8E460A7}.Debug|Any CPU.Build.0 = Debug|Any CPU
		{03D6184A-9A54-438D-9D91-AA8FF8E460A7}.Release|Any CPU.ActiveCfg = Release|Any CPU
		{03D6184A-9A54-438D-9D91-AA8FF8E460A7}.Release|Any CPU.Build.0 = Release|Any CPU
		{FEE4A47C-C3FA-40F9-80C8-D21B5896A0F8}.Debug|Any CPU.ActiveCfg = Debug|Any CPU
		{FEE4A47C-C3FA-40F9-80C8-D21B5896A0F8}.Debug|Any CPU.Build.0 = Debug|Any CPU
		{FEE4A47C-C3FA-40F9-80C8-D21B5896A0F8}.Release|Any CPU.ActiveCfg = Release|Any CPU
		{FEE4A47C-C3FA-40F9-80C8-D21B5896A0F8}.Release|Any CPU.Build.0 = Release|Any CPU
	EndGlobalSection
	GlobalSection(SolutionProperties) = preSolution
		HideSolutionNode = FALSE
	EndGlobalSection
	GlobalSection(ExtensibilityGlobals) = postSolution
		SolutionGuid = {E2E893AD-3B1F-4EE4-BE80-5EF29F4ABB68}
	EndGlobalSection
EndGlobal
